// !$*UTF8*$!
{
	archiveVersion = 1;
	classes = {
	};
	objectVersion = 50;
	objects = {

/* Begin PBXBuildFile section */
		CE57423C23878FC300C30525 /* BinaryTrees.swift in Sources */ = {isa = PBXBuildFile; fileRef = CE57423B23878FC300C30525 /* BinaryTrees.swift */; };
		CEA3847E21B192FD0064D72A /* jumping-on-the-clouds.pdf in Resources */ = {isa = PBXBuildFile; fileRef = CEA3847B21B192FD0064D72A /* jumping-on-the-clouds.pdf */; };
		CEA3847F21B192FD0064D72A /* sock-merchant.pdf in Resources */ = {isa = PBXBuildFile; fileRef = CEA3847C21B192FD0064D72A /* sock-merchant.pdf */; };
		CEA3848021B192FD0064D72A /* counting-valleys.pdf in Resources */ = {isa = PBXBuildFile; fileRef = CEA3847D21B192FD0064D72A /* counting-valleys.pdf */; };
		CEA3848221B1935A0064D72A /* repeated-string.pdf in Resources */ = {isa = PBXBuildFile; fileRef = CEA3848121B1935A0064D72A /* repeated-string.pdf */; };
		CEA4D8F321AEC95A0006C2F8 /* AppDelegate.swift in Sources */ = {isa = PBXBuildFile; fileRef = CEA4D8F221AEC95A0006C2F8 /* AppDelegate.swift */; };
		CEA4D8F521AEC95A0006C2F8 /* ViewController.swift in Sources */ = {isa = PBXBuildFile; fileRef = CEA4D8F421AEC95A0006C2F8 /* ViewController.swift */; };
		CEA4D8F821AEC95A0006C2F8 /* Main.storyboard in Resources */ = {isa = PBXBuildFile; fileRef = CEA4D8F621AEC95A0006C2F8 /* Main.storyboard */; };
		CEA4D8FA21AEC95B0006C2F8 /* Assets.xcassets in Resources */ = {isa = PBXBuildFile; fileRef = CEA4D8F921AEC95B0006C2F8 /* Assets.xcassets */; };
		CEA4D8FD21AEC95B0006C2F8 /* LaunchScreen.storyboard in Resources */ = {isa = PBXBuildFile; fileRef = CEA4D8FB21AEC95B0006C2F8 /* LaunchScreen.storyboard */; };
		CEA4D90821AEC95B0006C2F8 /* InterviewPrepTests.swift in Sources */ = {isa = PBXBuildFile; fileRef = CEA4D90721AEC95B0006C2F8 /* InterviewPrepTests.swift */; };
		CEA4D91321AEC95B0006C2F8 /* InterviewPrepUITests.swift in Sources */ = {isa = PBXBuildFile; fileRef = CEA4D91221AEC95B0006C2F8 /* InterviewPrepUITests.swift */; };
/* End PBXBuildFile section */

/* Begin PBXContainerItemProxy section */
		CEA4D90421AEC95B0006C2F8 /* PBXContainerItemProxy */ = {
			isa = PBXContainerItemProxy;
			containerPortal = CEA4D8E721AEC95A0006C2F8 /* Project object */;
			proxyType = 1;
			remoteGlobalIDString = CEA4D8EE21AEC95A0006C2F8;
			remoteInfo = InterviewPrep;
		};
		CEA4D90F21AEC95B0006C2F8 /* PBXContainerItemProxy */ = {
			isa = PBXContainerItemProxy;
			containerPortal = CEA4D8E721AEC95A0006C2F8 /* Project object */;
			proxyType = 1;
			remoteGlobalIDString = CEA4D8EE21AEC95A0006C2F8;
			remoteInfo = InterviewPrep;
		};
/* End PBXContainerItemProxy section */

/* Begin PBXFileReference section */
		CE57423B23878FC300C30525 /* BinaryTrees.swift */ = {isa = PBXFileReference; lastKnownFileType = sourcecode.swift; path = BinaryTrees.swift; sourceTree = "<group>"; };
		CEA3847B21B192FD0064D72A /* jumping-on-the-clouds.pdf */ = {isa = PBXFileReference; lastKnownFileType = image.pdf; path = "jumping-on-the-clouds.pdf"; sourceTree = "<group>"; };
		CEA3847C21B192FD0064D72A /* sock-merchant.pdf */ = {isa = PBXFileReference; lastKnownFileType = image.pdf; path = "sock-merchant.pdf"; sourceTree = "<group>"; };
		CEA3847D21B192FD0064D72A /* counting-valleys.pdf */ = {isa = PBXFileReference; lastKnownFileType = image.pdf; path = "counting-valleys.pdf"; sourceTree = "<group>"; };
		CEA3848121B1935A0064D72A /* repeated-string.pdf */ = {isa = PBXFileReference; lastKnownFileType = image.pdf; path = "repeated-string.pdf"; sourceTree = "<group>"; };
		CEA4D8EF21AEC95A0006C2F8 /* InterviewPrep.app */ = {isa = PBXFileReference; explicitFileType = wrapper.application; includeInIndex = 0; path = InterviewPrep.app; sourceTree = BUILT_PRODUCTS_DIR; };
		CEA4D8F221AEC95A0006C2F8 /* AppDelegate.swift */ = {isa = PBXFileReference; lastKnownFileType = sourcecode.swift; path = AppDelegate.swift; sourceTree = "<group>"; };
		CEA4D8F421AEC95A0006C2F8 /* ViewController.swift */ = {isa = PBXFileReference; lastKnownFileType = sourcecode.swift; path = ViewController.swift; sourceTree = "<group>"; };
		CEA4D8F721AEC95A0006C2F8 /* Base */ = {isa = PBXFileReference; lastKnownFileType = file.storyboard; name = Base; path = Base.lproj/Main.storyboard; sourceTree = "<group>"; };
		CEA4D8F921AEC95B0006C2F8 /* Assets.xcassets */ = {isa = PBXFileReference; lastKnownFileType = folder.assetcatalog; path = Assets.xcassets; sourceTree = "<group>"; };
		CEA4D8FC21AEC95B0006C2F8 /* Base */ = {isa = PBXFileReference; lastKnownFileType = file.storyboard; name = Base; path = Base.lproj/LaunchScreen.storyboard; sourceTree = "<group>"; };
		CEA4D8FE21AEC95B0006C2F8 /* Info.plist */ = {isa = PBXFileReference; lastKnownFileType = text.plist.xml; path = Info.plist; sourceTree = "<group>"; };
		CEA4D90321AEC95B0006C2F8 /* InterviewPrepTests.xctest */ = {isa = PBXFileReference; explicitFileType = wrapper.cfbundle; includeInIndex = 0; path = InterviewPrepTests.xctest; sourceTree = BUILT_PRODUCTS_DIR; };
		CEA4D90721AEC95B0006C2F8 /* InterviewPrepTests.swift */ = {isa = PBXFileReference; lastKnownFileType = sourcecode.swift; path = InterviewPrepTests.swift; sourceTree = "<group>"; };
		CEA4D90921AEC95B0006C2F8 /* Info.plist */ = {isa = PBXFileReference; lastKnownFileType = text.plist.xml; path = Info.plist; sourceTree = "<group>"; };
		CEA4D90E21AEC95B0006C2F8 /* InterviewPrepUITests.xctest */ = {isa = PBXFileReference; explicitFileType = wrapper.cfbundle; includeInIndex = 0; path = InterviewPrepUITests.xctest; sourceTree = BUILT_PRODUCTS_DIR; };
		CEA4D91221AEC95B0006C2F8 /* InterviewPrepUITests.swift */ = {isa = PBXFileReference; lastKnownFileType = sourcecode.swift; path = InterviewPrepUITests.swift; sourceTree = "<group>"; };
		CEA4D91421AEC95B0006C2F8 /* Info.plist */ = {isa = PBXFileReference; lastKnownFileType = text.plist.xml; path = Info.plist; sourceTree = "<group>"; };
/* End PBXFileReference section */

/* Begin PBXFrameworksBuildPhase section */
		CEA4D8EC21AEC95A0006C2F8 /* Frameworks */ = {
			isa = PBXFrameworksBuildPhase;
			buildActionMask = 2147483647;
			files = (
			);
			runOnlyForDeploymentPostprocessing = 0;
		};
		CEA4D90021AEC95B0006C2F8 /* Frameworks */ = {
			isa = PBXFrameworksBuildPhase;
			buildActionMask = 2147483647;
			files = (
			);
			runOnlyForDeploymentPostprocessing = 0;
		};
		CEA4D90B21AEC95B0006C2F8 /* Frameworks */ = {
			isa = PBXFrameworksBuildPhase;
			buildActionMask = 2147483647;
			files = (
			);
			runOnlyForDeploymentPostprocessing = 0;
		};
/* End PBXFrameworksBuildPhase section */

/* Begin PBXGroup section */
		CEA3847A21B192FD0064D72A /* Challenges */ = {
			isa = PBXGroup;
			children = (
				CEA3848121B1935A0064D72A /* repeated-string.pdf */,
				CEA3847B21B192FD0064D72A /* jumping-on-the-clouds.pdf */,
				CEA3847C21B192FD0064D72A /* sock-merchant.pdf */,
				CEA3847D21B192FD0064D72A /* counting-valleys.pdf */,
			);
			path = Challenges;
			sourceTree = "<group>";
		};
		CEA4D8E621AEC95A0006C2F8 = {
			isa = PBXGroup;
			children = (
				CEA3847A21B192FD0064D72A /* Challenges */,
				CEA4D8F121AEC95A0006C2F8 /* InterviewPrep */,
				CEA4D90621AEC95B0006C2F8 /* InterviewPrepTests */,
				CEA4D91121AEC95B0006C2F8 /* InterviewPrepUITests */,
				CEA4D8F021AEC95A0006C2F8 /* Products */,
			);
			sourceTree = "<group>";
		};
		CEA4D8F021AEC95A0006C2F8 /* Products */ = {
			isa = PBXGroup;
			children = (
				CEA4D8EF21AEC95A0006C2F8 /* InterviewPrep.app */,
				CEA4D90321AEC95B0006C2F8 /* InterviewPrepTests.xctest */,
				CEA4D90E21AEC95B0006C2F8 /* InterviewPrepUITests.xctest */,
			);
			name = Products;
			sourceTree = "<group>";
		};
		CEA4D8F121AEC95A0006C2F8 /* InterviewPrep */ = {
			isa = PBXGroup;
			children = (
				CEA4D8F221AEC95A0006C2F8 /* AppDelegate.swift */,
				CEA4D8F421AEC95A0006C2F8 /* ViewController.swift */,
				CEA4D8F621AEC95A0006C2F8 /* Main.storyboard */,
				CEA4D8F921AEC95B0006C2F8 /* Assets.xcassets */,
				CEA4D8FB21AEC95B0006C2F8 /* LaunchScreen.storyboard */,
				CEA4D8FE21AEC95B0006C2F8 /* Info.plist */,
				CE57423B23878FC300C30525 /* BinaryTrees.swift */,
			);
			path = InterviewPrep;
			sourceTree = "<group>";
		};
		CEA4D90621AEC95B0006C2F8 /* InterviewPrepTests */ = {
			isa = PBXGroup;
			children = (
				CEA4D90721AEC95B0006C2F8 /* InterviewPrepTests.swift */,
				CEA4D90921AEC95B0006C2F8 /* Info.plist */,
			);
			path = InterviewPrepTests;
			sourceTree = "<group>";
		};
		CEA4D91121AEC95B0006C2F8 /* InterviewPrepUITests */ = {
			isa = PBXGroup;
			children = (
				CEA4D91221AEC95B0006C2F8 /* InterviewPrepUITests.swift */,
				CEA4D91421AEC95B0006C2F8 /* Info.plist */,
			);
			path = InterviewPrepUITests;
			sourceTree = "<group>";
		};
/* End PBXGroup section */

/* Begin PBXNativeTarget section */
		CEA4D8EE21AEC95A0006C2F8 /* InterviewPrep */ = {
			isa = PBXNativeTarget;
			buildConfigurationList = CEA4D91721AEC95B0006C2F8 /* Build configuration list for PBXNativeTarget "InterviewPrep" */;
			buildPhases = (
				CEA4D8EB21AEC95A0006C2F8 /* Sources */,
				CEA4D8EC21AEC95A0006C2F8 /* Frameworks */,
				CEA4D8ED21AEC95A0006C2F8 /* Resources */,
			);
			buildRules = (
			);
			dependencies = (
			);
			name = InterviewPrep;
			productName = InterviewPrep;
			productReference = CEA4D8EF21AEC95A0006C2F8 /* InterviewPrep.app */;
			productType = "com.apple.product-type.application";
		};
		CEA4D90221AEC95B0006C2F8 /* InterviewPrepTests */ = {
			isa = PBXNativeTarget;
			buildConfigurationList = CEA4D91A21AEC95B0006C2F8 /* Build configuration list for PBXNativeTarget "InterviewPrepTests" */;
			buildPhases = (
				CEA4D8FF21AEC95B0006C2F8 /* Sources */,
				CEA4D90021AEC95B0006C2F8 /* Frameworks */,
				CEA4D90121AEC95B0006C2F8 /* Resources */,
			);
			buildRules = (
			);
			dependencies = (
				CEA4D90521AEC95B0006C2F8 /* PBXTargetDependency */,
			);
			name = InterviewPrepTests;
			productName = InterviewPrepTests;
			productReference = CEA4D90321AEC95B0006C2F8 /* InterviewPrepTests.xctest */;
			productType = "com.apple.product-type.bundle.unit-test";
		};
		CEA4D90D21AEC95B0006C2F8 /* InterviewPrepUITests */ = {
			isa = PBXNativeTarget;
			buildConfigurationList = CEA4D91D21AEC95B0006C2F8 /* Build configuration list for PBXNativeTarget "InterviewPrepUITests" */;
			buildPhases = (
				CEA4D90A21AEC95B0006C2F8 /* Sources */,
				CEA4D90B21AEC95B0006C2F8 /* Frameworks */,
				CEA4D90C21AEC95B0006C2F8 /* Resources */,
			);
			buildRules = (
			);
			dependencies = (
				CEA4D91021AEC95B0006C2F8 /* PBXTargetDependency */,
			);
			name = InterviewPrepUITests;
			productName = InterviewPrepUITests;
			productReference = CEA4D90E21AEC95B0006C2F8 /* InterviewPrepUITests.xctest */;
			productType = "com.apple.product-type.bundle.ui-testing";
		};
/* End PBXNativeTarget section */

/* Begin PBXProject section */
		CEA4D8E721AEC95A0006C2F8 /* Project object */ = {
			isa = PBXProject;
			attributes = {
				LastSwiftUpdateCheck = 1010;
				LastUpgradeCheck = 1010;
				ORGANIZATIONNAME = galblank;
				TargetAttributes = {
					CEA4D8EE21AEC95A0006C2F8 = {
						CreatedOnToolsVersion = 10.1;
					};
					CEA4D90221AEC95B0006C2F8 = {
						CreatedOnToolsVersion = 10.1;
						TestTargetID = CEA4D8EE21AEC95A0006C2F8;
					};
					CEA4D90D21AEC95B0006C2F8 = {
						CreatedOnToolsVersion = 10.1;
						TestTargetID = CEA4D8EE21AEC95A0006C2F8;
					};
				};
			};
			buildConfigurationList = CEA4D8EA21AEC95A0006C2F8 /* Build configuration list for PBXProject "InterviewPrep" */;
			compatibilityVersion = "Xcode 9.3";
			developmentRegion = en;
			hasScannedForEncodings = 0;
			knownRegions = (
				en,
				Base,
			);
			mainGroup = CEA4D8E621AEC95A0006C2F8;
			productRefGroup = CEA4D8F021AEC95A0006C2F8 /* Products */;
			projectDirPath = "";
			projectRoot = "";
			targets = (
				CEA4D8EE21AEC95A0006C2F8 /* InterviewPrep */,
				CEA4D90221AEC95B0006C2F8 /* InterviewPrepTests */,
				CEA4D90D21AEC95B0006C2F8 /* InterviewPrepUITests */,
			);
		};
/* End PBXProject section */

/* Begin PBXResourcesBuildPhase section */
		CEA4D8ED21AEC95A0006C2F8 /* Resources */ = {
			isa = PBXResourcesBuildPhase;
			buildActionMask = 2147483647;
			files = (
				CEA4D8FD21AEC95B0006C2F8 /* LaunchScreen.storyboard in Resources */,
				CEA3847F21B192FD0064D72A /* sock-merchant.pdf in Resources */,
				CEA4D8FA21AEC95B0006C2F8 /* Assets.xcassets in Resources */,
				CEA3847E21B192FD0064D72A /* jumping-on-the-clouds.pdf in Resources */,
				CEA3848221B1935A0064D72A /* repeated-string.pdf in Resources */,
				CEA3848021B192FD0064D72A /* counting-valleys.pdf in Resources */,
				CEA4D8F821AEC95A0006C2F8 /* Main.storyboard in Resources */,
			);
			runOnlyForDeploymentPostprocessing = 0;
		};
		CEA4D90121AEC95B0006C2F8 /* Resources */ = {
			isa = PBXResourcesBuildPhase;
			buildActionMask = 2147483647;
			files = (
			);
			runOnlyForDeploymentPostprocessing = 0;
		};
		CEA4D90C21AEC95B0006C2F8 /* Resources */ = {
			isa = PBXResourcesBuildPhase;
			buildActionMask = 2147483647;
			files = (
			);
			runOnlyForDeploymentPostprocessing = 0;
		};
/* End PBXResourcesBuildPhase section */

/* Begin PBXSourcesBuildPhase section */
		CEA4D8EB21AEC95A0006C2F8 /* Sources */ = {
			isa = PBXSourcesBuildPhase;
			buildActionMask = 2147483647;
			files = (
				CEA4D8F521AEC95A0006C2F8 /* ViewController.swift in Sources */,
				CE57423C23878FC300C30525 /* BinaryTrees.swift in Sources */,
				CEA4D8F321AEC95A0006C2F8 /* AppDelegate.swift in Sources */,
			);
			runOnlyForDeploymentPostprocessing = 0;
		};
		CEA4D8FF21AEC95B0006C2F8 /* Sources */ = {
			isa = PBXSourcesBuildPhase;
			buildActionMask = 2147483647;
			files = (
				CEA4D90821AEC95B0006C2F8 /* InterviewPrepTests.swift in Sources */,
			);
			runOnlyForDeploymentPostprocessing = 0;
		};
		CEA4D90A21AEC95B0006C2F8 /* Sources */ = {
			isa = PBXSourcesBuildPhase;
			buildActionMask = 2147483647;
			files = (
				CEA4D91321AEC95B0006C2F8 /* InterviewPrepUITests.swift in Sources */,
			);
			runOnlyForDeploymentPostprocessing = 0;
		};
/* End PBXSourcesBuildPhase section */

/* Begin PBXTargetDependency section */
		CEA4D90521AEC95B0006C2F8 /* PBXTargetDependency */ = {
			isa = PBXTargetDependency;
			target = CEA4D8EE21AEC95A0006C2F8 /* InterviewPrep */;
			targetProxy = CEA4D90421AEC95B0006C2F8 /* PBXContainerItemProxy */;
		};
		CEA4D91021AEC95B0006C2F8 /* PBXTargetDependency */ = {
			isa = PBXTargetDependency;
			target = CEA4D8EE21AEC95A0006C2F8 /* InterviewPrep */;
			targetProxy = CEA4D90F21AEC95B0006C2F8 /* PBXContainerItemProxy */;
		};
/* End PBXTargetDependency section */

/* Begin PBXVariantGroup section */
		CEA4D8F621AEC95A0006C2F8 /* Main.storyboard */ = {
			isa = PBXVariantGroup;
			children = (
				CEA4D8F721AEC95A0006C2F8 /* Base */,
			);
			name = Main.storyboard;
			sourceTree = "<group>";
		};
		CEA4D8FB21AEC95B0006C2F8 /* LaunchScreen.storyboard */ = {
			isa = PBXVariantGroup;
			children = (
				CEA4D8FC21AEC95B0006C2F8 /* Base */,
			);
			name = LaunchScreen.storyboard;
			sourceTree = "<group>";
		};
/* End PBXVariantGroup section */

/* Begin XCBuildConfiguration section */
		CEA4D91521AEC95B0006C2F8 /* Debug */ = {
			isa = XCBuildConfiguration;
			buildSettings = {
				ALWAYS_SEARCH_USER_PATHS = NO;
				CLANG_ANALYZER_NONNULL = YES;
				CLANG_ANALYZER_NUMBER_OBJECT_CONVERSION = YES_AGGRESSIVE;
				CLANG_CXX_LANGUAGE_STANDARD = "gnu++14";
				CLANG_CXX_LIBRARY = "libc++";
				CLANG_ENABLE_MODULES = YES;
				CLANG_ENABLE_OBJC_ARC = YES;
				CLANG_ENABLE_OBJC_WEAK = YES;
				CLANG_WARN_BLOCK_CAPTURE_AUTORELEASING = YES;
				CLANG_WARN_BOOL_CONVERSION = YES;
				CLANG_WARN_COMMA = YES;
				CLANG_WARN_CONSTANT_CONVERSION = YES;
				CLANG_WARN_DEPRECATED_OBJC_IMPLEMENTATIONS = YES;
				CLANG_WARN_DIRECT_OBJC_ISA_USAGE = YES_ERROR;
				CLANG_WARN_DOCUMENTATION_COMMENTS = YES;
				CLANG_WARN_EMPTY_BODY = YES;
				CLANG_WARN_ENUM_CONVERSION = YES;
				CLANG_WARN_INFINITE_RECURSION = YES;
				CLANG_WARN_INT_CONVERSION = YES;
				CLANG_WARN_NON_LITERAL_NULL_CONVERSION = YES;
				CLANG_WARN_OBJC_IMPLICIT_RETAIN_SELF = YES;
				CLANG_WARN_OBJC_LITERAL_CONVERSION = YES;
				CLANG_WARN_OBJC_ROOT_CLASS = YES_ERROR;
				CLANG_WARN_RANGE_LOOP_ANALYSIS = YES;
				CLANG_WARN_STRICT_PROTOTYPES = YES;
				CLANG_WARN_SUSPICIOUS_MOVE = YES;
				CLANG_WARN_UNGUARDED_AVAILABILITY = YES_AGGRESSIVE;
				CLANG_WARN_UNREACHABLE_CODE = YES;
				CLANG_WARN__DUPLICATE_METHOD_MATCH = YES;
				CODE_SIGN_IDENTITY = "iPhone Developer";
				COPY_PHASE_STRIP = NO;
				DEBUG_INFORMATION_FORMAT = dwarf;
				ENABLE_STRICT_OBJC_MSGSEND = YES;
				ENABLE_TESTABILITY = YES;
				GCC_C_LANGUAGE_STANDARD = gnu11;
				GCC_DYNAMIC_NO_PIC = NO;
				GCC_NO_COMMON_BLOCKS = YES;
				GCC_OPTIMIZATION_LEVEL = 0;
				GCC_PREPROCESSOR_DEFINITIONS = (
					"DEBUG=1",
					"$(inherited)",
				);
				GCC_WARN_64_TO_32_BIT_CONVERSION = YES;
				GCC_WARN_ABOUT_RETURN_TYPE = YES_ERROR;
				GCC_WARN_UNDECLARED_SELECTOR = YES;
				GCC_WARN_UNINITIALIZED_AUTOS = YES_AGGRESSIVE;
				GCC_WARN_UNUSED_FUNCTION = YES;
				GCC_WARN_UNUSED_VARIABLE = YES;
				IPHONEOS_DEPLOYMENT_TARGET = 12.1;
				MTL_ENABLE_DEBUG_INFO = INCLUDE_SOURCE;
				MTL_FAST_MATH = YES;
				ONLY_ACTIVE_ARCH = YES;
				SDKROOT = iphoneos;
				SWIFT_ACTIVE_COMPILATION_CONDITIONS = DEBUG;
				SWIFT_OPTIMIZATION_LEVEL = "-Onone";
			};
			name = Debug;
		};
		CEA4D91621AEC95B0006C2F8 /* Release */ = {
			isa = XCBuildConfiguration;
			buildSettings = {
				ALWAYS_SEARCH_USER_PATHS = NO;
				CLANG_ANALYZER_NONNULL = YES;
				CLANG_ANALYZER_NUMBER_OBJECT_CONVERSION = YES_AGGRESSIVE;
				CLANG_CXX_LANGUAGE_STANDARD = "gnu++14";
				CLANG_CXX_LIBRARY = "libc++";
				CLANG_ENABLE_MODULES = YES;
				CLANG_ENABLE_OBJC_ARC = YES;
				CLANG_ENABLE_OBJC_WEAK = YES;
				CLANG_WARN_BLOCK_CAPTURE_AUTORELEASING = YES;
				CLANG_WARN_BOOL_CONVERSION = YES;
				CLANG_WARN_COMMA = YES;
				CLANG_WARN_CONSTANT_CONVERSION = YES;
				CLANG_WARN_DEPRECATED_OBJC_IMPLEMENTATIONS = YES;
				CLANG_WARN_DIRECT_OBJC_ISA_USAGE = YES_ERROR;
				CLANG_WARN_DOCUMENTATION_COMMENTS = YES;
				CLANG_WARN_EMPTY_BODY = YES;
				CLANG_WARN_ENUM_CONVERSION = YES;
				CLANG_WARN_INFINITE_RECURSION = YES;
				CLANG_WARN_INT_CONVERSION = YES;
				CLANG_WARN_NON_LITERAL_NULL_CONVERSION = YES;
				CLANG_WARN_OBJC_IMPLICIT_RETAIN_SELF = YES;
				CLANG_WARN_OBJC_LITERAL_CONVERSION = YES;
				CLANG_WARN_OBJC_ROOT_CLASS = YES_ERROR;
				CLANG_WARN_RANGE_LOOP_ANALYSIS = YES;
				CLANG_WARN_STRICT_PROTOTYPES = YES;
				CLANG_WARN_SUSPICIOUS_MOVE = YES;
				CLANG_WARN_UNGUARDED_AVAILABILITY = YES_AGGRESSIVE;
				CLANG_WARN_UNREACHABLE_CODE = YES;
				CLANG_WARN__DUPLICATE_METHOD_MATCH = YES;
				CODE_SIGN_IDENTITY = "iPhone Developer";
				COPY_PHASE_STRIP = NO;
				DEBUG_INFORMATION_FORMAT = "dwarf-with-dsym";
				ENABLE_NS_ASSERTIONS = NO;
				ENABLE_STRICT_OBJC_MSGSEND = YES;
				GCC_C_LANGUAGE_STANDARD = gnu11;
				GCC_NO_COMMON_BLOCKS = YES;
				GCC_WARN_64_TO_32_BIT_CONVERSION = YES;
				GCC_WARN_ABOUT_RETURN_TYPE = YES_ERROR;
				GCC_WARN_UNDECLARED_SELECTOR = YES;
				GCC_WARN_UNINITIALIZED_AUTOS = YES_AGGRESSIVE;
				GCC_WARN_UNUSED_FUNCTION = YES;
				GCC_WARN_UNUSED_VARIABLE = YES;
				IPHONEOS_DEPLOYMENT_TARGET = 12.1;
				MTL_ENABLE_DEBUG_INFO = NO;
				MTL_FAST_MATH = YES;
				SDKROOT = iphoneos;
				SWIFT_COMPILATION_MODE = wholemodule;
				SWIFT_OPTIMIZATION_LEVEL = "-O";
				VALIDATE_PRODUCT = YES;
			};
			name = Release;
		};
		CEA4D91821AEC95B0006C2F8 /* Debug */ = {
			isa = XCBuildConfiguration;
			buildSettings = {
				ASSETCATALOG_COMPILER_APPICON_NAME = AppIcon;
				CODE_SIGN_STYLE = Automatic;
				DEVELOPMENT_TEAM = K23K6M63X8;
				INFOPLIST_FILE = InterviewPrep/Info.plist;
				LD_RUNPATH_SEARCH_PATHS = (
					"$(inherited)",
					"@executable_path/Frameworks",
				);
				PRODUCT_BUNDLE_IDENTIFIER = com.galblank.InterviewPrep;
				PRODUCT_NAME = "$(TARGET_NAME)";
				SWIFT_VERSION = 4.2;
				TARGETED_DEVICE_FAMILY = "1,2";
			};
			name = Debug;
		};
		CEA4D91921AEC95B0006C2F8 /* Release */ = {
			isa = XCBuildConfiguration;
			buildSettings = {
				ASSETCATALOG_COMPILER_APPICON_NAME = AppIcon;
				CODE_SIGN_STYLE = Automatic;
				DEVELOPMENT_TEAM = K23K6M63X8;
				INFOPLIST_FILE = InterviewPrep/Info.plist;
				LD_RUNPATH_SEARCH_PATHS = (
					"$(inherited)",
					"@executable_path/Frameworks",
				);
				PRODUCT_BUNDLE_IDENTIFIER = com.galblank.InterviewPrep;
				PRODUCT_NAME = "$(TARGET_NAME)";
				SWIFT_VERSION = 4.2;
				TARGETED_DEVICE_FAMILY = "1,2";
			};
			name = Release;
		};
		CEA4D91B21AEC95B0006C2F8 /* Debug */ = {
			isa = XCBuildConfiguration;
			buildSettings = {
				ALWAYS_EMBED_SWIFT_STANDARD_LIBRARIES = YES;
				BUNDLE_LOADER = "$(TEST_HOST)";
				CODE_SIGN_STYLE = Automatic;
				DEVELOPMENT_TEAM = K23K6M63X8;
				INFOPLIST_FILE = InterviewPrepTests/Info.plist;
				LD_RUNPATH_SEARCH_PATHS = (
					"$(inherited)",
					"@executable_path/Frameworks",
					"@loader_path/Frameworks",
				);
				PRODUCT_BUNDLE_IDENTIFIER = com.galblank.InterviewPrepTests;
				PRODUCT_NAME = "$(TARGET_NAME)";
				SWIFT_VERSION = 4.2;
				TARGETED_DEVICE_FAMILY = "1,2";
				TEST_HOST = "$(BUILT_PRODUCTS_DIR)/InterviewPrep.app/InterviewPrep";
			};
			name = Debug;
		};
		CEA4D91C21AEC95B0006C2F8 /* Release */ = {
			isa = XCBuildConfiguration;
			buildSettings = {
				ALWAYS_EMBED_SWIFT_STANDARD_LIBRARIES = YES;
				BUNDLE_LOADER = "$(TEST_HOST)";
				CODE_SIGN_STYLE = Automatic;
				DEVELOPMENT_TEAM = K23K6M63X8;
				INFOPLIST_FILE = InterviewPrepTests/Info.plist;
				LD_RUNPATH_SEARCH_PATHS = (
					"$(inherited)",
					"@executable_path/Frameworks",
					"@loader_path/Frameworks",
				);
				PRODUCT_BUNDLE_IDENTIFIER = com.galblank.InterviewPrepTests;
				PRODUCT_NAME = "$(TARGET_NAME)";
				SWIFT_VERSION = 4.2;
				TARGETED_DEVICE_FAMILY = "1,2";
				TEST_HOST = "$(BUILT_PRODUCTS_DIR)/InterviewPrep.app/InterviewPrep";
			};
			name = Release;
		};
		CEA4D91E21AEC95B0006C2F8 /* Debug */ = {
			isa = XCBuildConfiguration;
			buildSettings = {
				ALWAYS_EMBED_SWIFT_STANDARD_LIBRARIES = YES;
				CODE_SIGN_STYLE = Automatic;
				DEVELOPMENT_TEAM = K23K6M63X8;
				INFOPLIST_FILE = InterviewPrepUITests/Info.plist;
				LD_RUNPATH_SEARCH_PATHS = (
					"$(inherited)",
					"@executable_path/Frameworks",
					"@loader_path/Frameworks",
				);
				PRODUCT_BUNDLE_IDENTIFIER = com.galblank.InterviewPrepUITests;
				PRODUCT_NAME = "$(TARGET_NAME)";
				SWIFT_VERSION = 4.2;
				TARGETED_DEVICE_FAMILY = "1,2";
				TEST_TARGET_NAME = InterviewPrep;
			};
			name = Debug;
		};
		CEA4D91F21AEC95B0006C2F8 /* Release */ = {
			isa = XCBuildConfiguration;
			buildSettings = {
				ALWAYS_EMBED_SWIFT_STANDARD_LIBRARIES = YES;
				CODE_SIGN_STYLE = Automatic;
				DEVELOPMENT_TEAM = K23K6M63X8;
				INFOPLIST_FILE = InterviewPrepUITests/Info.plist;
				LD_RUNPATH_SEARCH_PATHS = (
					"$(inherited)",
					"@executable_path/Frameworks",
					"@loader_path/Frameworks",
				);
				PRODUCT_BUNDLE_IDENTIFIER = com.galblank.InterviewPrepUITests;
				PRODUCT_NAME = "$(TARGET_NAME)";
				SWIFT_VERSION = 4.2;
				TARGETED_DEVICE_FAMILY = "1,2";
				TEST_TARGET_NAME = InterviewPrep;
			};
			name = Release;
		};
/* End XCBuildConfiguration section */

/* Begin XCConfigurationList section */
		CEA4D8EA21AEC95A0006C2F8 /* Build configuration list for PBXProject "InterviewPrep" */ = {
			isa = XCConfigurationList;
			buildConfigurations = (
				CEA4D91521AEC95B0006C2F8 /* Debug */,
				CEA4D91621AEC95B0006C2F8 /* Release */,
			);
			defaultConfigurationIsVisible = 0;
			defaultConfigurationName = Release;
		};
		CEA4D91721AEC95B0006C2F8 /* Build configuration list for PBXNativeTarget "InterviewPrep" */ = {
			isa = XCConfigurationList;
			buildConfigurations = (
				CEA4D91821AEC95B0006C2F8 /* Debug */,
				CEA4D91921AEC95B0006C2F8 /* Release */,
			);
			defaultConfigurationIsVisible = 0;
			defaultConfigurationName = Release;
		};
		CEA4D91A21AEC95B0006C2F8 /* Build configuration list for PBXNativeTarget "InterviewPrepTests" */ = {
			isa = XCConfigurationList;
			buildConfigurations = (
				CEA4D91B21AEC95B0006C2F8 /* Debug */,
				CEA4D91C21AEC95B0006C2F8 /* Release */,
			);
			defaultConfigurationIsVisible = 0;
			defaultConfigurationName = Release;
		};
		CEA4D91D21AEC95B0006C2F8 /* Build configuration list for PBXNativeTarget "InterviewPrepUITests" */ = {
			isa = XCConfigurationList;
			buildConfigurations = (
				CEA4D91E21AEC95B0006C2F8 /* Debug */,
				CEA4D91F21AEC95B0006C2F8 /* Release */,
			);
			defaultConfigurationIsVisible = 0;
			defaultConfigurationName = Release;
		};
/* End XCConfigurationList section */
	};
	rootObject = CEA4D8E721AEC95A0006C2F8 /* Project object */;
}
